
Microsoft Visual Studio Solution File, Format Version 12.00
# Visual Studio Version 17
VisualStudioVersion = 17.9.34622.214
MinimumVisualStudioVersion = 10.0.40219.1
Project("{9A19103F-16F7-4668-BE54-9A1E7A4F7556}") = "MonkeyGym", "MonkeyGym.csproj", "{1C4909B4-500E-4470-B74E-22F5A6EBCB9F}"
EndProject
Global
	GlobalSection(SolutionConfigurationPlatforms) = preSolution
		Debug|Any CPU = Debug|Any CPU
		Release|Any CPU = Release|Any CPU
	EndGlobalSection
	GlobalSection(ProjectConfigurationPlatforms) = postSolution
		{1C4909B4-500E-4470-B74E-22F5A6EBCB9F}.Debug|Any CPU.ActiveCfg = Debug|Any CPU
		{1C4909B4-500E-4470-B74E-22F5A6EBCB9F}.Debug|Any CPU.Build.0 = Debug|Any CPU
		{1C4909B4-500E-4470-B74E-22F5A6EBCB9F}.Release|Any CPU.ActiveCfg = Release|Any CPU
		{1C4909B4-500E-4470-B74E-22F5A6EBCB9F}.Release|Any CPU.Build.0 = Release|Any CPU
	EndGlobalSection
	GlobalSection(SolutionProperties) = preSolution
		HideSolutionNode = FALSE
	EndGlobalSection
	GlobalSection(ExtensibilityGlobals) = postSolution
		SolutionGuid = {82E226E8-ADA1-45C7-99AB-B83BF69A1AAB}
	EndGlobalSection
EndGlobal
